
Microsoft Visual Studio Solution File, Format Version 12.00
# Visual Studio Version 16
VisualStudioVersion = 16.0.31910.168
MinimumVisualStudioVersion = 10.0.40219.1
Project("{FAE04EC0-301F-11D3-BF4B-00C04F79EFBC}") = "PruebaEditor_Tiny", "PruebaEditor_Tiny\PruebaEditor_Tiny.csproj", "{8F796805-B1AC-4696-BF64-16D3352C2E47}"
EndProject
Global
	GlobalSection(SolutionConfigurationPlatforms) = preSolution
		Debug|Any CPU = Debug|Any CPU
		Release|Any CPU = Release|Any CPU
	EndGlobalSection
	GlobalSection(ProjectConfigurationPlatforms) = postSolution
		{8F796805-B1AC-4696-BF64-16D3352C2E47}.Debug|Any CPU.ActiveCfg = Debug|Any CPU
		{8F796805-B1AC-4696-BF64-16D3352C2E47}.Debug|Any CPU.Build.0 = Debug|Any CPU
		{8F796805-B1AC-4696-BF64-16D3352C2E47}.Release|Any CPU.ActiveCfg = Release|Any CPU
		{8F796805-B1AC-4696-BF64-16D3352C2E47}.Release|Any CPU.Build.0 = Release|Any CPU
	EndGlobalSection
	GlobalSection(SolutionProperties) = preSolution
		HideSolutionNode = FALSE
	EndGlobalSection
	GlobalSection(ExtensibilityGlobals) = postSolution
		SolutionGuid = {4C3F8E9B-EC6C-44AD-9CDB-9F818F8C8DCD}
	EndGlobalSection
EndGlobal
